
Microsoft Visual Studio Solution File, Format Version 12.00
# Visual Studio Version 17
VisualStudioVersion = 17.0.31612.314
MinimumVisualStudioVersion = 10.0.40219.1
Project("{9A19103F-16F7-4668-BE54-9A1E7A4F7556}") = "BreadTh.JsonExpectations", "BreadTh.JsonExpectations\BreadTh.JsonExpectations.csproj", "{F8460D43-D56C-4F6F-9B08-6897CE459EFF}"
EndProject
Project("{9A19103F-16F7-4668-BE54-9A1E7A4F7556}") = "BreadTh.JsonExpectations.Examples", "BreadTh.JsonExpectations.Examples\BreadTh.JsonExpectations.Examples.csproj", "{F8C04706-E057-4FF7-A434-1AD6937AC445}"
EndProject
Project("{FAE04EC0-301F-11D3-BF4B-00C04F79EFBC}") = "BreadTh.JsonExpectations.Benchmark", "BreadTh.JsonExpectations.Benchmark\BreadTh.JsonExpectations.Benchmark.csproj", "{9CE3D096-C2D4-44C6-A5B8-B8141921F258}"
EndProject
Global
	GlobalSection(SolutionConfigurationPlatforms) = preSolution
		Debug|Any CPU = Debug|Any CPU
		Release|Any CPU = Release|Any CPU
	EndGlobalSection
	GlobalSection(ProjectConfigurationPlatforms) = postSolution
		{F8460D43-D56C-4F6F-9B08-6897CE459EFF}.Debug|Any CPU.ActiveCfg = Debug|Any CPU
		{F8460D43-D56C-4F6F-9B08-6897CE459EFF}.Debug|Any CPU.Build.0 = Debug|Any CPU
		{F8460D43-D56C-4F6F-9B08-6897CE459EFF}.Release|Any CPU.ActiveCfg = Release|Any CPU
		{F8460D43-D56C-4F6F-9B08-6897CE459EFF}.Release|Any CPU.Build.0 = Release|Any CPU
		{F8C04706-E057-4FF7-A434-1AD6937AC445}.Debug|Any CPU.ActiveCfg = Debug|Any CPU
		{F8C04706-E057-4FF7-A434-1AD6937AC445}.Debug|Any CPU.Build.0 = Debug|Any CPU
		{F8C04706-E057-4FF7-A434-1AD6937AC445}.Release|Any CPU.ActiveCfg = Release|Any CPU
		{F8C04706-E057-4FF7-A434-1AD6937AC445}.Release|Any CPU.Build.0 = Release|Any CPU
		{9CE3D096-C2D4-44C6-A5B8-B8141921F258}.Debug|Any CPU.ActiveCfg = Debug|Any CPU
		{9CE3D096-C2D4-44C6-A5B8-B8141921F258}.Debug|Any CPU.Build.0 = Debug|Any CPU
		{9CE3D096-C2D4-44C6-A5B8-B8141921F258}.Release|Any CPU.ActiveCfg = Release|Any CPU
		{9CE3D096-C2D4-44C6-A5B8-B8141921F258}.Release|Any CPU.Build.0 = Release|Any CPU
	EndGlobalSection
	GlobalSection(SolutionProperties) = preSolution
		HideSolutionNode = FALSE
	EndGlobalSection
	GlobalSection(ExtensibilityGlobals) = postSolution
		SolutionGuid = {DECEA0A1-C7B8-4023-BAC5-F4CAB45032BC}
	EndGlobalSection
EndGlobal
